// !$*UTF8*$!
{
	archiveVersion = 1;
	classes = {
	};
	objectVersion = 50;
	objects = {

/* Begin PBXBuildFile section */
		D005A3BE23C6E97300A7E91B /* AppDelegate.swift in Sources */ = {isa = PBXBuildFile; fileRef = D005A3BD23C6E97300A7E91B /* AppDelegate.swift */; };
		D005A3C023C6E97300A7E91B /* SceneDelegate.swift in Sources */ = {isa = PBXBuildFile; fileRef = D005A3BF23C6E97300A7E91B /* SceneDelegate.swift */; };
		D005A3C223C6E97300A7E91B /* ContentView.swift in Sources */ = {isa = PBXBuildFile; fileRef = D005A3C123C6E97300A7E91B /* ContentView.swift */; };
		D005A3C423C6E97300A7E91B /* Assets.xcassets in Resources */ = {isa = PBXBuildFile; fileRef = D005A3C323C6E97300A7E91B /* Assets.xcassets */; };
		D005A3C723C6E97300A7E91B /* Preview Assets.xcassets in Resources */ = {isa = PBXBuildFile; fileRef = D005A3C623C6E97300A7E91B /* Preview Assets.xcassets */; };
		D005A3CA23C6E97300A7E91B /* LaunchScreen.storyboard in Resources */ = {isa = PBXBuildFile; fileRef = D005A3C823C6E97300A7E91B /* LaunchScreen.storyboard */; };
		D005A3D023C6EA5D00A7E91B /* NoteCell.swift in Sources */ = {isa = PBXBuildFile; fileRef = D005A3CF23C6EA5D00A7E91B /* NoteCell.swift */; };
		D005A3D223C6EA7100A7E91B /* Note.swift in Sources */ = {isa = PBXBuildFile; fileRef = D005A3D123C6EA7100A7E91B /* Note.swift */; };
		D005A3D423C6ED0800A7E91B /* NetworkManager.swift in Sources */ = {isa = PBXBuildFile; fileRef = D005A3D323C6ED0800A7E91B /* NetworkManager.swift */; };
/* End PBXBuildFile section */

/* Begin PBXFileReference section */
		D005A3BA23C6E97300A7E91B /* CodeMash Notes iOS.app */ = {isa = PBXFileReference; explicitFileType = wrapper.application; includeInIndex = 0; path = "CodeMash Notes iOS.app"; sourceTree = BUILT_PRODUCTS_DIR; };
		D005A3BD23C6E97300A7E91B /* AppDelegate.swift */ = {isa = PBXFileReference; lastKnownFileType = sourcecode.swift; path = AppDelegate.swift; sourceTree = "<group>"; };
		D005A3BF23C6E97300A7E91B /* SceneDelegate.swift */ = {isa = PBXFileReference; lastKnownFileType = sourcecode.swift; path = SceneDelegate.swift; sourceTree = "<group>"; };
		D005A3C123C6E97300A7E91B /* ContentView.swift */ = {isa = PBXFileReference; lastKnownFileType = sourcecode.swift; path = ContentView.swift; sourceTree = "<group>"; };
		D005A3C323C6E97300A7E91B /* Assets.xcassets */ = {isa = PBXFileReference; lastKnownFileType = folder.assetcatalog; path = Assets.xcassets; sourceTree = "<group>"; };
		D005A3C623C6E97300A7E91B /* Preview Assets.xcassets */ = {isa = PBXFileReference; lastKnownFileType = folder.assetcatalog; path = "Preview Assets.xcassets"; sourceTree = "<group>"; };
		D005A3C923C6E97300A7E91B /* Base */ = {isa = PBXFileReference; lastKnownFileType = file.storyboard; name = Base; path = Base.lproj/LaunchScreen.storyboard; sourceTree = "<group>"; };
		D005A3CB23C6E97300A7E91B /* Info.plist */ = {isa = PBXFileReference; lastKnownFileType = text.plist.xml; path = Info.plist; sourceTree = "<group>"; };
		D005A3CF23C6EA5D00A7E91B /* NoteCell.swift */ = {isa = PBXFileReference; lastKnownFileType = sourcecode.swift; path = NoteCell.swift; sourceTree = "<group>"; };
		D005A3D123C6EA7100A7E91B /* Note.swift */ = {isa = PBXFileReference; lastKnownFileType = sourcecode.swift; path = Note.swift; sourceTree = "<group>"; };
		D005A3D323C6ED0800A7E91B /* NetworkManager.swift */ = {isa = PBXFileReference; lastKnownFileType = sourcecode.swift; path = NetworkManager.swift; sourceTree = "<group>"; };
/* End PBXFileReference section */

/* Begin PBXFrameworksBuildPhase section */
		D005A3B723C6E97300A7E91B /* Frameworks */ = {
			isa = PBXFrameworksBuildPhase;
			buildActionMask = 2147483647;
			files = (
			);
			runOnlyForDeploymentPostprocessing = 0;
		};
/* End PBXFrameworksBuildPhase section */

/* Begin PBXGroup section */
		D005A3AF23C6E95000A7E91B = {
			isa = PBXGroup;
			children = (
				D005A3BC23C6E97300A7E91B /* CodeMash Notes iOS */,
				D005A3BB23C6E97300A7E91B /* Products */,
			);
			sourceTree = "<group>";
		};
		D005A3BB23C6E97300A7E91B /* Products */ = {
			isa = PBXGroup;
			children = (
				D005A3BA23C6E97300A7E91B /* CodeMash Notes iOS.app */,
			);
			name = Products;
			sourceTree = "<group>";
		};
		D005A3BC23C6E97300A7E91B /* CodeMash Notes iOS */ = {
			isa = PBXGroup;
			children = (
				D005A3BD23C6E97300A7E91B /* AppDelegate.swift */,
				D005A3BF23C6E97300A7E91B /* SceneDelegate.swift */,
				D005A3C123C6E97300A7E91B /* ContentView.swift */,
				D005A3C323C6E97300A7E91B /* Assets.xcassets */,
				D005A3C823C6E97300A7E91B /* LaunchScreen.storyboard */,
				D005A3CB23C6E97300A7E91B /* Info.plist */,
				D005A3C523C6E97300A7E91B /* Preview Content */,
				D005A3CF23C6EA5D00A7E91B /* NoteCell.swift */,
				D005A3D123C6EA7100A7E91B /* Note.swift */,
				D005A3D323C6ED0800A7E91B /* NetworkManager.swift */,
			);
			path = "CodeMash Notes iOS";
			sourceTree = "<group>";
		};
		D005A3C523C6E97300A7E91B /* Preview Content */ = {
			isa = PBXGroup;
			children = (
				D005A3C623C6E97300A7E91B /* Preview Assets.xcassets */,
			);
			path = "Preview Content";
			sourceTree = "<group>";
		};
/* End PBXGroup section */

/* Begin PBXNativeTarget section */
		D005A3B923C6E97300A7E91B /* CodeMash Notes iOS */ = {
			isa = PBXNativeTarget;
			buildConfigurationList = D005A3CC23C6E97300A7E91B /* Build configuration list for PBXNativeTarget "CodeMash Notes iOS" */;
			buildPhases = (
				D005A3B623C6E97300A7E91B /* Sources */,
				D005A3B723C6E97300A7E91B /* Frameworks */,
				D005A3B823C6E97300A7E91B /* Resources */,
			);
			buildRules = (
			);
			dependencies = (
			);
			name = "CodeMash Notes iOS";
			productName = "CodeMash Notes iOS";
			productReference = D005A3BA23C6E97300A7E91B /* CodeMash Notes iOS.app */;
			productType = "com.apple.product-type.application";
		};
/* End PBXNativeTarget section */

/* Begin PBXProject section */
		D005A3B023C6E95000A7E91B /* Project object */ = {
			isa = PBXProject;
			attributes = {
				LastSwiftUpdateCheck = 1130;
				LastUpgradeCheck = 1130;
				TargetAttributes = {
					D005A3B923C6E97300A7E91B = {
						CreatedOnToolsVersion = 11.3;
					};
				};
			};
			buildConfigurationList = D005A3B323C6E95000A7E91B /* Build configuration list for PBXProject "CodeMash Notes" */;
			compatibilityVersion = "Xcode 9.3";
			developmentRegion = en;
			hasScannedForEncodings = 0;
			knownRegions = (
				en,
				Base,
			);
			mainGroup = D005A3AF23C6E95000A7E91B;
			productRefGroup = D005A3BB23C6E97300A7E91B /* Products */;
			projectDirPath = "";
			projectRoot = "";
			targets = (
				D005A3B923C6E97300A7E91B /* CodeMash Notes iOS */,
			);
		};
/* End PBXProject section */

/* Begin PBXResourcesBuildPhase section */
		D005A3B823C6E97300A7E91B /* Resources */ = {
			isa = PBXResourcesBuildPhase;
			buildActionMask = 2147483647;
			files = (
				D005A3CA23C6E97300A7E91B /* LaunchScreen.storyboard in Resources */,
				D005A3C723C6E97300A7E91B /* Preview Assets.xcassets in Resources */,
				D005A3C423C6E97300A7E91B /* Assets.xcassets in Resources */,
			);
			runOnlyForDeploymentPostprocessing = 0;
		};
/* End PBXResourcesBuildPhase section */

/* Begin PBXSourcesBuildPhase section */
		D005A3B623C6E97300A7E91B /* Sources */ = {
			isa = PBXSourcesBuildPhase;
			buildActionMask = 2147483647;
			files = (
				D005A3D423C6ED0800A7E91B /* NetworkManager.swift in Sources */,
				D005A3D223C6EA7100A7E91B /* Note.swift in Sources */,
				D005A3BE23C6E97300A7E91B /* AppDelegate.swift in Sources */,
				D005A3C023C6E97300A7E91B /* SceneDelegate.swift in Sources */,
				D005A3D023C6EA5D00A7E91B /* NoteCell.swift in Sources */,
				D005A3C223C6E97300A7E91B /* ContentView.swift in Sources */,
			);
			runOnlyForDeploymentPostprocessing = 0;
		};
/* End PBXSourcesBuildPhase section */

/* Begin PBXVariantGroup section */
		D005A3C823C6E97300A7E91B /* LaunchScreen.storyboard */ = {
			isa = PBXVariantGroup;
			children = (
				D005A3C923C6E97300A7E91B /* Base */,
			);
			name = LaunchScreen.storyboard;
			sourceTree = "<group>";
		};
/* End PBXVariantGroup section */

/* Begin XCBuildConfiguration section */
		D005A3B423C6E95000A7E91B /* Debug */ = {
			isa = XCBuildConfiguration;
			buildSettings = {
			};
			name = Debug;
		};
		D005A3B523C6E95000A7E91B /* Release */ = {
			isa = XCBuildConfiguration;
			buildSettings = {
			};
			name = Release;
		};
		D005A3CD23C6E97300A7E91B /* Debug */ = {
			isa = XCBuildConfiguration;
			buildSettings = {
				ALWAYS_SEARCH_USER_PATHS = NO;
				ASSETCATALOG_COMPILER_APPICON_NAME = AppIcon;
				CLANG_ANALYZER_NONNULL = YES;
				CLANG_ANALYZER_NUMBER_OBJECT_CONVERSION = YES_AGGRESSIVE;
				CLANG_CXX_LANGUAGE_STANDARD = "gnu++14";
				CLANG_CXX_LIBRARY = "libc++";
				CLANG_ENABLE_MODULES = YES;
				CLANG_ENABLE_OBJC_ARC = YES;
				CLANG_ENABLE_OBJC_WEAK = YES;
				CLANG_WARN_BLOCK_CAPTURE_AUTORELEASING = YES;
				CLANG_WARN_BOOL_CONVERSION = YES;
				CLANG_WARN_COMMA = YES;
				CLANG_WARN_CONSTANT_CONVERSION = YES;
				CLANG_WARN_DEPRECATED_OBJC_IMPLEMENTATIONS = YES;
				CLANG_WARN_DIRECT_OBJC_ISA_USAGE = YES_ERROR;
				CLANG_WARN_DOCUMENTATION_COMMENTS = YES;
				CLANG_WARN_EMPTY_BODY = YES;
				CLANG_WARN_ENUM_CONVERSION = YES;
				CLANG_WARN_INFINITE_RECURSION = YES;
				CLANG_WARN_INT_CONVERSION = YES;
				CLANG_WARN_NON_LITERAL_NULL_CONVERSION = YES;
				CLANG_WARN_OBJC_IMPLICIT_RETAIN_SELF = YES;
				CLANG_WARN_OBJC_LITERAL_CONVERSION = YES;
				CLANG_WARN_OBJC_ROOT_CLASS = YES_ERROR;
				CLANG_WARN_RANGE_LOOP_ANALYSIS = YES;
				CLANG_WARN_STRICT_PROTOTYPES = YES;
				CLANG_WARN_SUSPICIOUS_MOVE = YES;
				CLANG_WARN_UNGUARDED_AVAILABILITY = YES_AGGRESSIVE;
				CLANG_WARN_UNREACHABLE_CODE = YES;
				CLANG_WARN__DUPLICATE_METHOD_MATCH = YES;
				CODE_SIGN_STYLE = Automatic;
				COPY_PHASE_STRIP = NO;
				DEBUG_INFORMATION_FORMAT = dwarf;
				DEVELOPMENT_ASSET_PATHS = "\"CodeMash Notes iOS/Preview Content\"";
				DEVELOPMENT_TEAM = 29X7L8LCKP;
				ENABLE_PREVIEWS = YES;
				ENABLE_STRICT_OBJC_MSGSEND = YES;
				ENABLE_TESTABILITY = YES;
				GCC_C_LANGUAGE_STANDARD = gnu11;
				GCC_DYNAMIC_NO_PIC = NO;
				GCC_NO_COMMON_BLOCKS = YES;
				GCC_OPTIMIZATION_LEVEL = 0;
				GCC_PREPROCESSOR_DEFINITIONS = (
					"DEBUG=1",
					"$(inherited)",
				);
				GCC_WARN_64_TO_32_BIT_CONVERSION = YES;
				GCC_WARN_ABOUT_RETURN_TYPE = YES_ERROR;
				GCC_WARN_UNDECLARED_SELECTOR = YES;
				GCC_WARN_UNINITIALIZED_AUTOS = YES_AGGRESSIVE;
				GCC_WARN_UNUSED_FUNCTION = YES;
				GCC_WARN_UNUSED_VARIABLE = YES;
				INFOPLIST_FILE = "CodeMash Notes iOS/Info.plist";
				IPHONEOS_DEPLOYMENT_TARGET = 13.2;
				LD_RUNPATH_SEARCH_PATHS = (
					"$(inherited)",
					"@executable_path/Frameworks",
				);
				MTL_ENABLE_DEBUG_INFO = INCLUDE_SOURCE;
				MTL_FAST_MATH = YES;
				ONLY_ACTIVE_ARCH = YES;
				PRODUCT_BUNDLE_IDENTIFIER = "jrenjilian.CodeMash-Notes-iOS";
				PRODUCT_NAME = "$(TARGET_NAME)";
				SDKROOT = iphoneos;
				SWIFT_ACTIVE_COMPILATION_CONDITIONS = DEBUG;
				SWIFT_OPTIMIZATION_LEVEL = "-Onone";
				SWIFT_VERSION = 5.0;
				TARGETED_DEVICE_FAMILY = "1,2";
			};
			name = Debug;
		};
		D005A3CE23C6E97300A7E91B /* Release */ = {
			isa = XCBuildConfiguration;
			buildSettings = {
				ALWAYS_SEARCH_USER_PATHS = NO;
				ASSETCATALOG_COMPILER_APPICON_NAME = AppIcon;
				CLANG_ANALYZER_NONNULL = YES;
				CLANG_ANALYZER_NUMBER_OBJECT_CONVERSION = YES_AGGRESSIVE;
				CLANG_CXX_LANGUAGE_STANDARD = "gnu++14";
				CLANG_CXX_LIBRARY = "libc++";
				CLANG_ENABLE_MODULES = YES;
				CLANG_ENABLE_OBJC_ARC = YES;
				CLANG_ENABLE_OBJC_WEAK = YES;
				CLANG_WARN_BLOCK_CAPTURE_AUTORELEASING = YES;
				CLANG_WARN_BOOL_CONVERSION = YES;
				CLANG_WARN_COMMA = YES;
				CLANG_WARN_CONSTANT_CONVERSION = YES;
				CLANG_WARN_DEPRECATED_OBJC_IMPLEMENTATIONS = YES;
				CLANG_WARN_DIRECT_OBJC_ISA_USAGE = YES_ERROR;
				CLANG_WARN_DOCUMENTATION_COMMENTS = YES;
				CLANG_WARN_EMPTY_BODY = YES;
				CLANG_WARN_ENUM_CONVERSION = YES;
				CLANG_WARN_INFINITE_RECURSION = YES;
				CLANG_WARN_INT_CONVERSION = YES;
				CLANG_WARN_NON_LITERAL_NULL_CONVERSION = YES;
				CLANG_WARN_OBJC_IMPLICIT_RETAIN_SELF = YES;
				CLANG_WARN_OBJC_LITERAL_CONVERSION = YES;
				CLANG_WARN_OBJC_ROOT_CLASS = YES_ERROR;
				CLANG_WARN_RANGE_LOOP_ANALYSIS = YES;
				CLANG_WARN_STRICT_PROTOTYPES = YES;
				CLANG_WARN_SUSPICIOUS_MOVE = YES;
				CLANG_WARN_UNGUARDED_AVAILABILITY = YES_AGGRESSIVE;
				CLANG_WARN_UNREACHABLE_CODE = YES;
				CLANG_WARN__DUPLICATE_METHOD_MATCH = YES;
				CODE_SIGN_STYLE = Automatic;
				COPY_PHASE_STRIP = NO;
				DEBUG_INFORMATION_FORMAT = "dwarf-with-dsym";
				DEVELOPMENT_ASSET_PATHS = "\"CodeMash Notes iOS/Preview Content\"";
				DEVELOPMENT_TEAM = 29X7L8LCKP;
				ENABLE_NS_ASSERTIONS = NO;
				ENABLE_PREVIEWS = YES;
				ENABLE_STRICT_OBJC_MSGSEND = YES;
				GCC_C_LANGUAGE_STANDARD = gnu11;
				GCC_NO_COMMON_BLOCKS = YES;
				GCC_WARN_64_TO_32_BIT_CONVERSION = YES;
				GCC_WARN_ABOUT_RETURN_TYPE = YES_ERROR;
				GCC_WARN_UNDECLARED_SELECTOR = YES;
				GCC_WARN_UNINITIALIZED_AUTOS = YES_AGGRESSIVE;
				GCC_WARN_UNUSED_FUNCTION = YES;
				GCC_WARN_UNUSED_VARIABLE = YES;
				INFOPLIST_FILE = "CodeMash Notes iOS/Info.plist";
				IPHONEOS_DEPLOYMENT_TARGET = 13.2;
				LD_RUNPATH_SEARCH_PATHS = (
					"$(inherited)",
					"@executable_path/Frameworks",
				);
				MTL_ENABLE_DEBUG_INFO = NO;
				MTL_FAST_MATH = YES;
				PRODUCT_BUNDLE_IDENTIFIER = "jrenjilian.CodeMash-Notes-iOS";
				PRODUCT_NAME = "$(TARGET_NAME)";
				SDKROOT = iphoneos;
				SWIFT_COMPILATION_MODE = wholemodule;
				SWIFT_OPTIMIZATION_LEVEL = "-O";
				SWIFT_VERSION = 5.0;
				TARGETED_DEVICE_FAMILY = "1,2";
				VALIDATE_PRODUCT = YES;
			};
			name = Release;
		};
/* End XCBuildConfiguration section */

/* Begin XCConfigurationList section */
		D005A3B323C6E95000A7E91B /* Build configuration list for PBXProject "CodeMash Notes" */ = {
			isa = XCConfigurationList;
			buildConfigurations = (
				D005A3B423C6E95000A7E91B /* Debug */,
				D005A3B523C6E95000A7E91B /* Release */,
			);
			defaultConfigurationIsVisible = 0;
			defaultConfigurationName = Release;
		};
		D005A3CC23C6E97300A7E91B /* Build configuration list for PBXNativeTarget "CodeMash Notes iOS" */ = {
			isa = XCConfigurationList;
			buildConfigurations = (
				D005A3CD23C6E97300A7E91B /* Debug */,
				D005A3CE23C6E97300A7E91B /* Release */,
			);
			defaultConfigurationIsVisible = 0;
			defaultConfigurationName = Release;
		};
/* End XCConfigurationList section */
	};
	rootObject = D005A3B023C6E95000A7E91B /* Project object */;
}
