// !$*UTF8*$!
{
	archiveVersion = 1;
	classes = {
	};
	objectVersion = 50;
	objects = {

/* Begin PBXGroup section */
		D005A3AF23C6E95000A7E91B = {
			isa = PBXGroup;
			children = (
			);
			sourceTree = "<group>";
		};
/* End PBXGroup section */

/* Begin PBXProject section */
		D005A3B023C6E95000A7E91B /* Project object */ = {
			isa = PBXProject;
			attributes = {
				LastUpgradeCheck = 1130;
			};
			buildConfigurationList = D005A3B323C6E95000A7E91B /* Build configuration list for PBXProject "CodeMash Notes" */;
			compatibilityVersion = "Xcode 9.3";
			developmentRegion = en;
			hasScannedForEncodings = 0;
			knownRegions = (
				en,
				Base,
			);
			mainGroup = D005A3AF23C6E95000A7E91B;
			projectDirPath = "";
			projectRoot = "";
			targets = (
			);
		};
/* End PBXProject section */

/* Begin XCBuildConfiguration section */
		D005A3B423C6E95000A7E91B /* Debug */ = {
			isa = XCBuildConfiguration;
			buildSettings = {
			};
			name = Debug;
		};
		D005A3B523C6E95000A7E91B /* Release */ = {
			isa = XCBuildConfiguration;
			buildSettings = {
			};
			name = Release;
		};
/* End XCBuildConfiguration section */

/* Begin XCConfigurationList section */
		D005A3B323C6E95000A7E91B /* Build configuration list for PBXProject "CodeMash Notes" */ = {
			isa = XCConfigurationList;
			buildConfigurations = (
				D005A3B423C6E95000A7E91B /* Debug */,
				D005A3B523C6E95000A7E91B /* Release */,
			);
			defaultConfigurationIsVisible = 0;
			defaultConfigurationName = Release;
		};
/* End XCConfigurationList section */
	};
	rootObject = D005A3B023C6E95000A7E91B /* Project object */;
}
